// !$*UTF8*$!
{
	archiveVersion = 1;
	classes = {
	};
	objectVersion = 77;
	objects = {

/* Begin PBXContainerItemProxy section */
		EF1FBD9B2CFEBDA2001D55EF /* PBXContainerItemProxy */ = {
			isa = PBXContainerItemProxy;
			containerPortal = EF1FBD7C2CFEBDA0001D55EF /* Project object */;
			proxyType = 1;
			remoteGlobalIDString = EF1FBD832CFEBDA0001D55EF;
			remoteInfo = "iOS Mini Project";
		};
		EF1FBDA52CFEBDA2001D55EF /* PBXContainerItemProxy */ = {
			isa = PBXContainerItemProxy;
			containerPortal = EF1FBD7C2CFEBDA0001D55EF /* Project object */;
			proxyType = 1;
			remoteGlobalIDString = EF1FBD832CFEBDA0001D55EF;
			remoteInfo = "iOS Mini Project";
		};
/* End PBXContainerItemProxy section */

/* Begin PBXFileReference section */
		EF1FBD842CFEBDA0001D55EF /* iOS Mini Project.app */ = {isa = PBXFileReference; explicitFileType = wrapper.application; includeInIndex = 0; path = "iOS Mini Project.app"; sourceTree = BUILT_PRODUCTS_DIR; };
		EF1FBD9A2CFEBDA2001D55EF /* iOS Mini ProjectTests.xctest */ = {isa = PBXFileReference; explicitFileType = wrapper.cfbundle; includeInIndex = 0; path = "iOS Mini ProjectTests.xctest"; sourceTree = BUILT_PRODUCTS_DIR; };
		EF1FBDA42CFEBDA2001D55EF /* iOS Mini ProjectUITests.xctest */ = {isa = PBXFileReference; explicitFileType = wrapper.cfbundle; includeInIndex = 0; path = "iOS Mini ProjectUITests.xctest"; sourceTree = BUILT_PRODUCTS_DIR; };
/* End PBXFileReference section */

/* Begin PBXFileSystemSynchronizedBuildFileExceptionSet section */
		EF1FBDAC2CFEBDA2001D55EF /* Exceptions for "iOS Mini Project" folder in "iOS Mini Project" target */ = {
			isa = PBXFileSystemSynchronizedBuildFileExceptionSet;
			membershipExceptions = (
				Info.plist,
			);
			target = EF1FBD832CFEBDA0001D55EF /* iOS Mini Project */;
		};
/* End PBXFileSystemSynchronizedBuildFileExceptionSet section */

/* Begin PBXFileSystemSynchronizedRootGroup section */
		EF1FBD862CFEBDA0001D55EF /* iOS Mini Project */ = {
			isa = PBXFileSystemSynchronizedRootGroup;
			exceptions = (
				EF1FBDAC2CFEBDA2001D55EF /* Exceptions for "iOS Mini Project" folder in "iOS Mini Project" target */,
			);
			path = "iOS Mini Project";
			sourceTree = "<group>";
		};
		EF1FBD9D2CFEBDA2001D55EF /* iOS Mini ProjectTests */ = {
			isa = PBXFileSystemSynchronizedRootGroup;
			path = "iOS Mini ProjectTests";
			sourceTree = "<group>";
		};
		EF1FBDA72CFEBDA2001D55EF /* iOS Mini ProjectUITests */ = {
			isa = PBXFileSystemSynchronizedRootGroup;
			path = "iOS Mini ProjectUITests";
			sourceTree = "<group>";
		};
/* End PBXFileSystemSynchronizedRootGroup section */

/* Begin PBXFrameworksBuildPhase section */
		EF1FBD812CFEBDA0001D55EF /* Frameworks */ = {
			isa = PBXFrameworksBuildPhase;
			buildActionMask = 2147483647;
			files = (
			);
			runOnlyForDeploymentPostprocessing = 0;
		};
		EF1FBD972CFEBDA2001D55EF /* Frameworks */ = {
			isa = PBXFrameworksBuildPhase;
			buildActionMask = 2147483647;
			files = (
			);
			runOnlyForDeploymentPostprocessing = 0;
		};
		EF1FBDA12CFEBDA2001D55EF /* Frameworks */ = {
			isa = PBXFrameworksBuildPhase;
			buildActionMask = 2147483647;
			files = (
			);
			runOnlyForDeploymentPostprocessing = 0;
		};
/* End PBXFrameworksBuildPhase section */

/* Begin PBXGroup section */
		EF1FBD7B2CFEBDA0001D55EF = {
			isa = PBXGroup;
			children = (
				EF1FBD862CFEBDA0001D55EF /* iOS Mini Project */,
				EF1FBD9D2CFEBDA2001D55EF /* iOS Mini ProjectTests */,
				EF1FBDA72CFEBDA2001D55EF /* iOS Mini ProjectUITests */,
				EF1FBD852CFEBDA0001D55EF /* Products */,
			);
			sourceTree = "<group>";
		};
		EF1FBD852CFEBDA0001D55EF /* Products */ = {
			isa = PBXGroup;
			children = (
				EF1FBD842CFEBDA0001D55EF /* iOS Mini Project.app */,
				EF1FBD9A2CFEBDA2001D55EF /* iOS Mini ProjectTests.xctest */,
				EF1FBDA42CFEBDA2001D55EF /* iOS Mini ProjectUITests.xctest */,
			);
			name = Products;
			sourceTree = "<group>";
		};
/* End PBXGroup section */

/* Begin PBXNativeTarget section */
		EF1FBD832CFEBDA0001D55EF /* iOS Mini Project */ = {
			isa = PBXNativeTarget;
			buildConfigurationList = EF1FBDAD2CFEBDA2001D55EF /* Build configuration list for PBXNativeTarget "iOS Mini Project" */;
			buildPhases = (
				EF1FBD802CFEBDA0001D55EF /* Sources */,
				EF1FBD812CFEBDA0001D55EF /* Frameworks */,
				EF1FBD822CFEBDA0001D55EF /* Resources */,
			);
			buildRules = (
			);
			dependencies = (
			);
			fileSystemSynchronizedGroups = (
				EF1FBD862CFEBDA0001D55EF /* iOS Mini Project */,
			);
			name = "iOS Mini Project";
			packageProductDependencies = (
			);
			productName = "iOS Mini Project";
			productReference = EF1FBD842CFEBDA0001D55EF /* iOS Mini Project.app */;
			productType = "com.apple.product-type.application";
		};
		EF1FBD992CFEBDA2001D55EF /* iOS Mini ProjectTests */ = {
			isa = PBXNativeTarget;
			buildConfigurationList = EF1FBDB22CFEBDA2001D55EF /* Build configuration list for PBXNativeTarget "iOS Mini ProjectTests" */;
			buildPhases = (
				EF1FBD962CFEBDA2001D55EF /* Sources */,
				EF1FBD972CFEBDA2001D55EF /* Frameworks */,
				EF1FBD982CFEBDA2001D55EF /* Resources */,
			);
			buildRules = (
			);
			dependencies = (
				EF1FBD9C2CFEBDA2001D55EF /* PBXTargetDependency */,
			);
			fileSystemSynchronizedGroups = (
				EF1FBD9D2CFEBDA2001D55EF /* iOS Mini ProjectTests */,
			);
			name = "iOS Mini ProjectTests";
			packageProductDependencies = (
			);
			productName = "iOS Mini ProjectTests";
			productReference = EF1FBD9A2CFEBDA2001D55EF /* iOS Mini ProjectTests.xctest */;
			productType = "com.apple.product-type.bundle.unit-test";
		};
		EF1FBDA32CFEBDA2001D55EF /* iOS Mini ProjectUITests */ = {
			isa = PBXNativeTarget;
			buildConfigurationList = EF1FBDB52CFEBDA2001D55EF /* Build configuration list for PBXNativeTarget "iOS Mini ProjectUITests" */;
			buildPhases = (
				EF1FBDA02CFEBDA2001D55EF /* Sources */,
				EF1FBDA12CFEBDA2001D55EF /* Frameworks */,
				EF1FBDA22CFEBDA2001D55EF /* Resources */,
			);
			buildRules = (
			);
			dependencies = (
				EF1FBDA62CFEBDA2001D55EF /* PBXTargetDependency */,
			);
			fileSystemSynchronizedGroups = (
				EF1FBDA72CFEBDA2001D55EF /* iOS Mini ProjectUITests */,
			);
			name = "iOS Mini ProjectUITests";
			packageProductDependencies = (
			);
			productName = "iOS Mini ProjectUITests";
			productReference = EF1FBDA42CFEBDA2001D55EF /* iOS Mini ProjectUITests.xctest */;
			productType = "com.apple.product-type.bundle.ui-testing";
		};
/* End PBXNativeTarget section */

/* Begin PBXProject section */
		EF1FBD7C2CFEBDA0001D55EF /* Project object */ = {
			isa = PBXProject;
			attributes = {
				BuildIndependentTargetsInParallel = 1;
				LastSwiftUpdateCheck = 1600;
				LastUpgradeCheck = 1600;
				TargetAttributes = {
					EF1FBD832CFEBDA0001D55EF = {
						CreatedOnToolsVersion = 16.0;
					};
					EF1FBD992CFEBDA2001D55EF = {
						CreatedOnToolsVersion = 16.0;
						TestTargetID = EF1FBD832CFEBDA0001D55EF;
					};
					EF1FBDA32CFEBDA2001D55EF = {
						CreatedOnToolsVersion = 16.0;
						TestTargetID = EF1FBD832CFEBDA0001D55EF;
					};
				};
			};
			buildConfigurationList = EF1FBD7F2CFEBDA0001D55EF /* Build configuration list for PBXProject "iOS Mini Project" */;
			developmentRegion = en;
			hasScannedForEncodings = 0;
			knownRegions = (
				en,
				Base,
			);
			mainGroup = EF1FBD7B2CFEBDA0001D55EF;
			minimizedProjectReferenceProxies = 1;
			preferredProjectObjectVersion = 77;
			productRefGroup = EF1FBD852CFEBDA0001D55EF /* Products */;
			projectDirPath = "";
			projectRoot = "";
			targets = (
				EF1FBD832CFEBDA0001D55EF /* iOS Mini Project */,
				EF1FBD992CFEBDA2001D55EF /* iOS Mini ProjectTests */,
				EF1FBDA32CFEBDA2001D55EF /* iOS Mini ProjectUITests */,
			);
		};
/* End PBXProject section */

/* Begin PBXResourcesBuildPhase section */
		EF1FBD822CFEBDA0001D55EF /* Resources */ = {
			isa = PBXResourcesBuildPhase;
			buildActionMask = 2147483647;
			files = (
			);
			runOnlyForDeploymentPostprocessing = 0;
		};
		EF1FBD982CFEBDA2001D55EF /* Resources */ = {
			isa = PBXResourcesBuildPhase;
			buildActionMask = 2147483647;
			files = (
			);
			runOnlyForDeploymentPostprocessing = 0;
		};
		EF1FBDA22CFEBDA2001D55EF /* Resources */ = {
			isa = PBXResourcesBuildPhase;
			buildActionMask = 2147483647;
			files = (
			);
			runOnlyForDeploymentPostprocessing = 0;
		};
/* End PBXResourcesBuildPhase section */

/* Begin PBXSourcesBuildPhase section */
		EF1FBD802CFEBDA0001D55EF /* Sources */ = {
			isa = PBXSourcesBuildPhase;
			buildActionMask = 2147483647;
			files = (
			);
			runOnlyForDeploymentPostprocessing = 0;
		};
		EF1FBD962CFEBDA2001D55EF /* Sources */ = {
			isa = PBXSourcesBuildPhase;
			buildActionMask = 2147483647;
			files = (
			);
			runOnlyForDeploymentPostprocessing = 0;
		};
		EF1FBDA02CFEBDA2001D55EF /* Sources */ = {
			isa = PBXSourcesBuildPhase;
			buildActionMask = 2147483647;
			files = (
			);
			runOnlyForDeploymentPostprocessing = 0;
		};
/* End PBXSourcesBuildPhase section */

/* Begin PBXTargetDependency section */
		EF1FBD9C2CFEBDA2001D55EF /* PBXTargetDependency */ = {
			isa = PBXTargetDependency;
			target = EF1FBD832CFEBDA0001D55EF /* iOS Mini Project */;
			targetProxy = EF1FBD9B2CFEBDA2001D55EF /* PBXContainerItemProxy */;
		};
		EF1FBDA62CFEBDA2001D55EF /* PBXTargetDependency */ = {
			isa = PBXTargetDependency;
			target = EF1FBD832CFEBDA0001D55EF /* iOS Mini Project */;
			targetProxy = EF1FBDA52CFEBDA2001D55EF /* PBXContainerItemProxy */;
		};
/* End PBXTargetDependency section */

/* Begin XCBuildConfiguration section */
		EF1FBDAE2CFEBDA2001D55EF /* Debug */ = {
			isa = XCBuildConfiguration;
			buildSettings = {
				ASSETCATALOG_COMPILER_APPICON_NAME = AppIcon;
				ASSETCATALOG_COMPILER_GLOBAL_ACCENT_COLOR_NAME = AccentColor;
				CODE_SIGN_STYLE = Automatic;
				CURRENT_PROJECT_VERSION = 1;
				DEVELOPMENT_TEAM = 9HR48NXTG8;
				GENERATE_INFOPLIST_FILE = YES;
				INFOPLIST_FILE = "iOS Mini Project/Info.plist";
				INFOPLIST_KEY_UIApplicationSupportsIndirectInputEvents = YES;
				INFOPLIST_KEY_UILaunchStoryboardName = LaunchScreen;
				INFOPLIST_KEY_UIMainStoryboardFile = Main;
				INFOPLIST_KEY_UISupportedInterfaceOrientations_iPad = "UIInterfaceOrientationPortrait UIInterfaceOrientationPortraitUpsideDown UIInterfaceOrientationLandscapeLeft UIInterfaceOrientationLandscapeRight";
				INFOPLIST_KEY_UISupportedInterfaceOrientations_iPhone = "UIInterfaceOrientationPortrait UIInterfaceOrientationLandscapeLeft UIInterfaceOrientationLandscapeRight";
				LD_RUNPATH_SEARCH_PATHS = (
					"$(inherited)",
					"@executable_path/Frameworks",
				);
				MARKETING_VERSION = 1.0;
				PRODUCT_BUNDLE_IDENTIFIER = "com.afiffadhlurrahman.iosminiproject.iOS-Mini-Project";
				PRODUCT_NAME = "$(TARGET_NAME)";
				SUPPORTED_PLATFORMS = "iphoneos iphonesimulator";
				SUPPORTS_MACCATALYST = NO;
				SUPPORTS_MAC_DESIGNED_FOR_IPHONE_IPAD = NO;
				SUPPORTS_XR_DESIGNED_FOR_IPHONE_IPAD = NO;
				SWIFT_EMIT_LOC_STRINGS = YES;
				SWIFT_VERSION = 5.0;
				TARGETED_DEVICE_FAMILY = 1;
			};
			name = Debug;
		};
		EF1FBDAF2CFEBDA2001D55EF /* Release */ = {
			isa = XCBuildConfiguration;
			buildSettings = {
				ASSETCATALOG_COMPILER_APPICON_NAME = AppIcon;
				ASSETCATALOG_COMPILER_GLOBAL_ACCENT_COLOR_NAME = AccentColor;
				CODE_SIGN_STYLE = Automatic;
				CURRENT_PROJECT_VERSION = 1;
				DEVELOPMENT_TEAM = 9HR48NXTG8;
				GENERATE_INFOPLIST_FILE = YES;
				INFOPLIST_FILE = "iOS Mini Project/Info.plist";
				INFOPLIST_KEY_UIApplicationSupportsIndirectInputEvents = YES;
				INFOPLIST_KEY_UILaunchStoryboardName = LaunchScreen;
				INFOPLIST_KEY_UIMainStoryboardFile = Main;
				INFOPLIST_KEY_UISupportedInterfaceOrientations_iPad = "UIInterfaceOrientationPortrait UIInterfaceOrientationPortraitUpsideDown UIInterfaceOrientationLandscapeLeft UIInterfaceOrientationLandscapeRight";
				INFOPLIST_KEY_UISupportedInterfaceOrientations_iPhone = "UIInterfaceOrientationPortrait UIInterfaceOrientationLandscapeLeft UIInterfaceOrientationLandscapeRight";
				LD_RUNPATH_SEARCH_PATHS = (
					"$(inherited)",
					"@executable_path/Frameworks",
				);
				MARKETING_VERSION = 1.0;
				PRODUCT_BUNDLE_IDENTIFIER = "com.afiffadhlurrahman.iosminiproject.iOS-Mini-Project";
				PRODUCT_NAME = "$(TARGET_NAME)";
				SUPPORTED_PLATFORMS = "iphoneos iphonesimulator";
				SUPPORTS_MACCATALYST = NO;
				SUPPORTS_MAC_DESIGNED_FOR_IPHONE_IPAD = NO;
				SUPPORTS_XR_DESIGNED_FOR_IPHONE_IPAD = NO;
				SWIFT_EMIT_LOC_STRINGS = YES;
				SWIFT_VERSION = 5.0;
				TARGETED_DEVICE_FAMILY = 1;
			};
			name = Release;
		};
		EF1FBDB02CFEBDA2001D55EF /* Debug */ = {
			isa = XCBuildConfiguration;
			buildSettings = {
				ALWAYS_SEARCH_USER_PATHS = NO;
				ASSETCATALOG_COMPILER_GENERATE_SWIFT_ASSET_SYMBOL_EXTENSIONS = YES;
				CLANG_ANALYZER_NONNULL = YES;
				CLANG_ANALYZER_NUMBER_OBJECT_CONVERSION = YES_AGGRESSIVE;
				CLANG_CXX_LANGUAGE_STANDARD = "gnu++20";
				CLANG_ENABLE_MODULES = YES;
				CLANG_ENABLE_OBJC_ARC = YES;
				CLANG_ENABLE_OBJC_WEAK = YES;
				CLANG_WARN_BLOCK_CAPTURE_AUTORELEASING = YES;
				CLANG_WARN_BOOL_CONVERSION = YES;
				CLANG_WARN_COMMA = YES;
				CLANG_WARN_CONSTANT_CONVERSION = YES;
				CLANG_WARN_DEPRECATED_OBJC_IMPLEMENTATIONS = YES;
				CLANG_WARN_DIRECT_OBJC_ISA_USAGE = YES_ERROR;
				CLANG_WARN_DOCUMENTATION_COMMENTS = YES;
				CLANG_WARN_EMPTY_BODY = YES;
				CLANG_WARN_ENUM_CONVERSION = YES;
				CLANG_WARN_INFINITE_RECURSION = YES;
				CLANG_WARN_INT_CONVERSION = YES;
				CLANG_WARN_NON_LITERAL_NULL_CONVERSION = YES;
				CLANG_WARN_OBJC_IMPLICIT_RETAIN_SELF = YES;
				CLANG_WARN_OBJC_LITERAL_CONVERSION = YES;
				CLANG_WARN_OBJC_ROOT_CLASS = YES_ERROR;
				CLANG_WARN_QUOTED_INCLUDE_IN_FRAMEWORK_HEADER = YES;
				CLANG_WARN_RANGE_LOOP_ANALYSIS = YES;
				CLANG_WARN_STRICT_PROTOTYPES = YES;
				CLANG_WARN_SUSPICIOUS_MOVE = YES;
				CLANG_WARN_UNGUARDED_AVAILABILITY = YES_AGGRESSIVE;
				CLANG_WARN_UNREACHABLE_CODE = YES;
				CLANG_WARN__DUPLICATE_METHOD_MATCH = YES;
				COPY_PHASE_STRIP = NO;
				DEBUG_INFORMATION_FORMAT = dwarf;
				ENABLE_STRICT_OBJC_MSGSEND = YES;
				ENABLE_TESTABILITY = YES;
				ENABLE_USER_SCRIPT_SANDBOXING = YES;
				GCC_C_LANGUAGE_STANDARD = gnu17;
				GCC_DYNAMIC_NO_PIC = NO;
				GCC_NO_COMMON_BLOCKS = YES;
				GCC_OPTIMIZATION_LEVEL = 0;
				GCC_PREPROCESSOR_DEFINITIONS = (
					"DEBUG=1",
					"$(inherited)",
				);
				GCC_WARN_64_TO_32_BIT_CONVERSION = YES;
				GCC_WARN_ABOUT_RETURN_TYPE = YES_ERROR;
				GCC_WARN_UNDECLARED_SELECTOR = YES;
				GCC_WARN_UNINITIALIZED_AUTOS = YES_AGGRESSIVE;
				GCC_WARN_UNUSED_FUNCTION = YES;
				GCC_WARN_UNUSED_VARIABLE = YES;
				IPHONEOS_DEPLOYMENT_TARGET = 18.0;
				LOCALIZATION_PREFERS_STRING_CATALOGS = YES;
				MTL_ENABLE_DEBUG_INFO = INCLUDE_SOURCE;
				MTL_FAST_MATH = YES;
				ONLY_ACTIVE_ARCH = YES;
				SDKROOT = iphoneos;
				SWIFT_ACTIVE_COMPILATION_CONDITIONS = "DEBUG $(inherited)";
				SWIFT_OPTIMIZATION_LEVEL = "-Onone";
			};
			name = Debug;
		};
		EF1FBDB12CFEBDA2001D55EF /* Release */ = {
			isa = XCBuildConfiguration;
			buildSettings = {
				ALWAYS_SEARCH_USER_PATHS = NO;
				ASSETCATALOG_COMPILER_GENERATE_SWIFT_ASSET_SYMBOL_EXTENSIONS = YES;
				CLANG_ANALYZER_NONNULL = YES;
				CLANG_ANALYZER_NUMBER_OBJECT_CONVERSION = YES_AGGRESSIVE;
				CLANG_CXX_LANGUAGE_STANDARD = "gnu++20";
				CLANG_ENABLE_MODULES = YES;
				CLANG_ENABLE_OBJC_ARC = YES;
				CLANG_ENABLE_OBJC_WEAK = YES;
				CLANG_WARN_BLOCK_CAPTURE_AUTORELEASING = YES;
				CLANG_WARN_BOOL_CONVERSION = YES;
				CLANG_WARN_COMMA = YES;
				CLANG_WARN_CONSTANT_CONVERSION = YES;
				CLANG_WARN_DEPRECATED_OBJC_IMPLEMENTATIONS = YES;
				CLANG_WARN_DIRECT_OBJC_ISA_USAGE = YES_ERROR;
				CLANG_WARN_DOCUMENTATION_COMMENTS = YES;
				CLANG_WARN_EMPTY_BODY = YES;
				CLANG_WARN_ENUM_CONVERSION = YES;
				CLANG_WARN_INFINITE_RECURSION = YES;
				CLANG_WARN_INT_CONVERSION = YES;
				CLANG_WARN_NON_LITERAL_NULL_CONVERSION = YES;
				CLANG_WARN_OBJC_IMPLICIT_RETAIN_SELF = YES;
				CLANG_WARN_OBJC_LITERAL_CONVERSION = YES;
				CLANG_WARN_OBJC_ROOT_CLASS = YES_ERROR;
				CLANG_WARN_QUOTED_INCLUDE_IN_FRAMEWORK_HEADER = YES;
				CLANG_WARN_RANGE_LOOP_ANALYSIS = YES;
				CLANG_WARN_STRICT_PROTOTYPES = YES;
				CLANG_WARN_SUSPICIOUS_MOVE = YES;
				CLANG_WARN_UNGUARDED_AVAILABILITY = YES_AGGRESSIVE;
				CLANG_WARN_UNREACHABLE_CODE = YES;
				CLANG_WARN__DUPLICATE_METHOD_MATCH = YES;
				COPY_PHASE_STRIP = NO;
				DEBUG_INFORMATION_FORMAT = "dwarf-with-dsym";
				ENABLE_NS_ASSERTIONS = NO;
				ENABLE_STRICT_OBJC_MSGSEND = YES;
				ENABLE_USER_SCRIPT_SANDBOXING = YES;
				GCC_C_LANGUAGE_STANDARD = gnu17;
				GCC_NO_COMMON_BLOCKS = YES;
				GCC_WARN_64_TO_32_BIT_CONVERSION = YES;
				GCC_WARN_ABOUT_RETURN_TYPE = YES_ERROR;
				GCC_WARN_UNDECLARED_SELECTOR = YES;
				GCC_WARN_UNINITIALIZED_AUTOS = YES_AGGRESSIVE;
				GCC_WARN_UNUSED_FUNCTION = YES;
				GCC_WARN_UNUSED_VARIABLE = YES;
				IPHONEOS_DEPLOYMENT_TARGET = 18.0;
				LOCALIZATION_PREFERS_STRING_CATALOGS = YES;
				MTL_ENABLE_DEBUG_INFO = NO;
				MTL_FAST_MATH = YES;
				SDKROOT = iphoneos;
				SWIFT_COMPILATION_MODE = wholemodule;
				VALIDATE_PRODUCT = YES;
			};
			name = Release;
		};
		EF1FBDB32CFEBDA2001D55EF /* Debug */ = {
			isa = XCBuildConfiguration;
			buildSettings = {
				BUNDLE_LOADER = "$(TEST_HOST)";
				CODE_SIGN_STYLE = Automatic;
				CURRENT_PROJECT_VERSION = 1;
				DEVELOPMENT_TEAM = 9HR48NXTG8;
				GENERATE_INFOPLIST_FILE = YES;
				IPHONEOS_DEPLOYMENT_TARGET = 18.0;
				MARKETING_VERSION = 1.0;
				PRODUCT_BUNDLE_IDENTIFIER = "com.afiffadhlurrahman.iosminiproject.iOS-Mini-ProjectTests";
				PRODUCT_NAME = "$(TARGET_NAME)";
				SUPPORTED_PLATFORMS = "iphoneos iphonesimulator";
				SUPPORTS_MACCATALYST = NO;
				SUPPORTS_MAC_DESIGNED_FOR_IPHONE_IPAD = NO;
				SUPPORTS_XR_DESIGNED_FOR_IPHONE_IPAD = NO;
				SWIFT_EMIT_LOC_STRINGS = NO;
				SWIFT_VERSION = 5.0;
				TARGETED_DEVICE_FAMILY = 1;
				TEST_HOST = "$(BUILT_PRODUCTS_DIR)/iOS Mini Project.app/$(BUNDLE_EXECUTABLE_FOLDER_PATH)/iOS Mini Project";
			};
			name = Debug;
		};
		EF1FBDB42CFEBDA2001D55EF /* Release */ = {
			isa = XCBuildConfiguration;
			buildSettings = {
				BUNDLE_LOADER = "$(TEST_HOST)";
				CODE_SIGN_STYLE = Automatic;
				CURRENT_PROJECT_VERSION = 1;
				DEVELOPMENT_TEAM = 9HR48NXTG8;
				GENERATE_INFOPLIST_FILE = YES;
				IPHONEOS_DEPLOYMENT_TARGET = 18.0;
				MARKETING_VERSION = 1.0;
				PRODUCT_BUNDLE_IDENTIFIER = "com.afiffadhlurrahman.iosminiproject.iOS-Mini-ProjectTests";
				PRODUCT_NAME = "$(TARGET_NAME)";
				SUPPORTED_PLATFORMS = "iphoneos iphonesimulator";
				SUPPORTS_MACCATALYST = NO;
				SUPPORTS_MAC_DESIGNED_FOR_IPHONE_IPAD = NO;
				SUPPORTS_XR_DESIGNED_FOR_IPHONE_IPAD = NO;
				SWIFT_EMIT_LOC_STRINGS = NO;
				SWIFT_VERSION = 5.0;
				TARGETED_DEVICE_FAMILY = 1;
				TEST_HOST = "$(BUILT_PRODUCTS_DIR)/iOS Mini Project.app/$(BUNDLE_EXECUTABLE_FOLDER_PATH)/iOS Mini Project";
			};
			name = Release;
		};
		EF1FBDB62CFEBDA2001D55EF /* Debug */ = {
			isa = XCBuildConfiguration;
			buildSettings = {
				CODE_SIGN_STYLE = Automatic;
				CURRENT_PROJECT_VERSION = 1;
				DEVELOPMENT_TEAM = 9HR48NXTG8;
				GENERATE_INFOPLIST_FILE = YES;
				MARKETING_VERSION = 1.0;
				PRODUCT_BUNDLE_IDENTIFIER = "com.afiffadhlurrahman.iosminiproject.iOS-Mini-ProjectUITests";
				PRODUCT_NAME = "$(TARGET_NAME)";
				SUPPORTED_PLATFORMS = "iphoneos iphonesimulator";
				SUPPORTS_MACCATALYST = NO;
				SUPPORTS_MAC_DESIGNED_FOR_IPHONE_IPAD = NO;
				SUPPORTS_XR_DESIGNED_FOR_IPHONE_IPAD = NO;
				SWIFT_EMIT_LOC_STRINGS = NO;
				SWIFT_VERSION = 5.0;
				TARGETED_DEVICE_FAMILY = 1;
				TEST_TARGET_NAME = "iOS Mini Project";
			};
			name = Debug;
		};
		EF1FBDB72CFEBDA2001D55EF /* Release */ = {
			isa = XCBuildConfiguration;
			buildSettings = {
				CODE_SIGN_STYLE = Automatic;
				CURRENT_PROJECT_VERSION = 1;
				DEVELOPMENT_TEAM = 9HR48NXTG8;
				GENERATE_INFOPLIST_FILE = YES;
				MARKETING_VERSION = 1.0;
				PRODUCT_BUNDLE_IDENTIFIER = "com.afiffadhlurrahman.iosminiproject.iOS-Mini-ProjectUITests";
				PRODUCT_NAME = "$(TARGET_NAME)";
				SUPPORTED_PLATFORMS = "iphoneos iphonesimulator";
				SUPPORTS_MACCATALYST = NO;
				SUPPORTS_MAC_DESIGNED_FOR_IPHONE_IPAD = NO;
				SUPPORTS_XR_DESIGNED_FOR_IPHONE_IPAD = NO;
				SWIFT_EMIT_LOC_STRINGS = NO;
				SWIFT_VERSION = 5.0;
				TARGETED_DEVICE_FAMILY = 1;
				TEST_TARGET_NAME = "iOS Mini Project";
			};
			name = Release;
		};
/* End XCBuildConfiguration section */

/* Begin XCConfigurationList section */
		EF1FBD7F2CFEBDA0001D55EF /* Build configuration list for PBXProject "iOS Mini Project" */ = {
			isa = XCConfigurationList;
			buildConfigurations = (
				EF1FBDB02CFEBDA2001D55EF /* Debug */,
				EF1FBDB12CFEBDA2001D55EF /* Release */,
			);
			defaultConfigurationIsVisible = 0;
			defaultConfigurationName = Release;
		};
		EF1FBDAD2CFEBDA2001D55EF /* Build configuration list for PBXNativeTarget "iOS Mini Project" */ = {
			isa = XCConfigurationList;
			buildConfigurations = (
				EF1FBDAE2CFEBDA2001D55EF /* Debug */,
				EF1FBDAF2CFEBDA2001D55EF /* Release */,
			);
			defaultConfigurationIsVisible = 0;
			defaultConfigurationName = Release;
		};
		EF1FBDB22CFEBDA2001D55EF /* Build configuration list for PBXNativeTarget "iOS Mini ProjectTests" */ = {
			isa = XCConfigurationList;
			buildConfigurations = (
				EF1FBDB32CFEBDA2001D55EF /* Debug */,
				EF1FBDB42CFEBDA2001D55EF /* Release */,
			);
			defaultConfigurationIsVisible = 0;
			defaultConfigurationName = Release;
		};
		EF1FBDB52CFEBDA2001D55EF /* Build configuration list for PBXNativeTarget "iOS Mini ProjectUITests" */ = {
			isa = XCConfigurationList;
			buildConfigurations = (
				EF1FBDB62CFEBDA2001D55EF /* Debug */,
				EF1FBDB72CFEBDA2001D55EF /* Release */,
			);
			defaultConfigurationIsVisible = 0;
			defaultConfigurationName = Release;
		};
/* End XCConfigurationList section */
	};
	rootObject = EF1FBD7C2CFEBDA0001D55EF /* Project object */;
}
